
Microsoft Visual Studio Solution File, Format Version 12.00
# Visual Studio Version 17
VisualStudioVersion = 17.14.36408.4 d17.14
MinimumVisualStudioVersion = 10.0.40219.1
Project("{FAE04EC0-301F-11D3-BF4B-00C04F79EFBC}") = "Aiden_TriviaGame_GameProgramming", "Aiden_TriviaGame_GameProgramming\Aiden_TriviaGame_GameProgramming.csproj", "{CC190931-1A2E-4EC1-95F3-FA49972F6A25}"
EndProject
Global
	GlobalSection(SolutionConfigurationPlatforms) = preSolution
		Debug|Any CPU = Debug|Any CPU
		Release|Any CPU = Release|Any CPU
	EndGlobalSection
	GlobalSection(ProjectConfigurationPlatforms) = postSolution
		{CC190931-1A2E-4EC1-95F3-FA49972F6A25}.Debug|Any CPU.ActiveCfg = Debug|Any CPU
		{CC190931-1A2E-4EC1-95F3-FA49972F6A25}.Debug|Any CPU.Build.0 = Debug|Any CPU
		{CC190931-1A2E-4EC1-95F3-FA49972F6A25}.Release|Any CPU.ActiveCfg = Release|Any CPU
		{CC190931-1A2E-4EC1-95F3-FA49972F6A25}.Release|Any CPU.Build.0 = Release|Any CPU
	EndGlobalSection
	GlobalSection(SolutionProperties) = preSolution
		HideSolutionNode = FALSE
	EndGlobalSection
	GlobalSection(ExtensibilityGlobals) = postSolution
		SolutionGuid = {B70AFEA4-8572-4070-82AE-941CC5051456}
	EndGlobalSection
EndGlobal
